
Microsoft Visual Studio Solution File, Format Version 12.00
# Visual Studio Version 17
VisualStudioVersion = 17.0.32112.339
MinimumVisualStudioVersion = 10.0.40219.1
Project("{FAE04EC0-301F-11D3-BF4B-00C04F79EFBC}") = "SchoolExample", "SchoolExample.csproj", "{ED8F979E-3378-4625-9972-8B1E57D40FD1}"
EndProject
Global
	GlobalSection(SolutionConfigurationPlatforms) = preSolution
		Debug|Any CPU = Debug|Any CPU
		Release|Any CPU = Release|Any CPU
	EndGlobalSection
	GlobalSection(ProjectConfigurationPlatforms) = postSolution
		{ED8F979E-3378-4625-9972-8B1E57D40FD1}.Debug|Any CPU.ActiveCfg = Debug|Any CPU
		{ED8F979E-3378-4625-9972-8B1E57D40FD1}.Debug|Any CPU.Build.0 = Debug|Any CPU
		{ED8F979E-3378-4625-9972-8B1E57D40FD1}.Release|Any CPU.ActiveCfg = Release|Any CPU
		{ED8F979E-3378-4625-9972-8B1E57D40FD1}.Release|Any CPU.Build.0 = Release|Any CPU
	EndGlobalSection
	GlobalSection(SolutionProperties) = preSolution
		HideSolutionNode = FALSE
	EndGlobalSection
	GlobalSection(ExtensibilityGlobals) = postSolution
		SolutionGuid = {10D499E7-B421-4E0B-9F04-030B3E4855E3}
	EndGlobalSection
EndGlobal
